
Microsoft Visual Studio Solution File, Format Version 12.00
# Visual Studio 15
VisualStudioVersion = 15.0.28307.1800
MinimumVisualStudioVersion = 10.0.40219.1
Project("{FAE04EC0-301F-11D3-BF4B-00C04F79EFBC}") = "cg_drive", "cg_drive\cg_drive.csproj", "{01257739-58DB-493D-9EBC-CC1BF72DE979}"
EndProject
Global
	GlobalSection(SolutionConfigurationPlatforms) = preSolution
		Debug|Any CPU = Debug|Any CPU
		Release|Any CPU = Release|Any CPU
	EndGlobalSection
	GlobalSection(ProjectConfigurationPlatforms) = postSolution
		{01257739-58DB-493D-9EBC-CC1BF72DE979}.Debug|Any CPU.ActiveCfg = Debug|Any CPU
		{01257739-58DB-493D-9EBC-CC1BF72DE979}.Debug|Any CPU.Build.0 = Debug|Any CPU
		{01257739-58DB-493D-9EBC-CC1BF72DE979}.Release|Any CPU.ActiveCfg = Release|Any CPU
		{01257739-58DB-493D-9EBC-CC1BF72DE979}.Release|Any CPU.Build.0 = Release|Any CPU
	EndGlobalSection
	GlobalSection(SolutionProperties) = preSolution
		HideSolutionNode = FALSE
	EndGlobalSection
	GlobalSection(ExtensibilityGlobals) = postSolution
		SolutionGuid = {A242C5F0-F6FB-4317-8D44-DA7EC611C051}
	EndGlobalSection
EndGlobal
